// !$*UTF8*$!
{
	archiveVersion = 1;
	classes = {
	};
	objectVersion = 50;
	objects = {

/* Begin PBXBuildFile section */
		DB90944D231A6E2800A0AF40 /* AppDelegate.swift in Sources */ = {isa = PBXBuildFile; fileRef = DB90944C231A6E2800A0AF40 /* AppDelegate.swift */; };
		DB90944F231A6E2900A0AF40 /* Assets.xcassets in Resources */ = {isa = PBXBuildFile; fileRef = DB90944E231A6E2900A0AF40 /* Assets.xcassets */; };
		DB909452231A6E2900A0AF40 /* MainMenu.xib in Resources */ = {isa = PBXBuildFile; fileRef = DB909450231A6E2900A0AF40 /* MainMenu.xib */; };
		DB90945C231A6E5C00A0AF40 /* PreferenceController.swift in Sources */ = {isa = PBXBuildFile; fileRef = DB90945A231A6E5C00A0AF40 /* PreferenceController.swift */; };
		DB90945D231A6E5C00A0AF40 /* PreferenceController.xib in Resources */ = {isa = PBXBuildFile; fileRef = DB90945B231A6E5C00A0AF40 /* PreferenceController.xib */; };
		DB909460231A6E6A00A0AF40 /* InfoController.swift in Sources */ = {isa = PBXBuildFile; fileRef = DB90945E231A6E6A00A0AF40 /* InfoController.swift */; };
		DB909461231A6E6A00A0AF40 /* InfoController.xib in Resources */ = {isa = PBXBuildFile; fileRef = DB90945F231A6E6A00A0AF40 /* InfoController.xib */; };
/* End PBXBuildFile section */

/* Begin PBXFileReference section */
		DB909449231A6E2800A0AF40 /* view-controller.app */ = {isa = PBXFileReference; explicitFileType = wrapper.application; includeInIndex = 0; path = "view-controller.app"; sourceTree = BUILT_PRODUCTS_DIR; };
		DB90944C231A6E2800A0AF40 /* AppDelegate.swift */ = {isa = PBXFileReference; lastKnownFileType = sourcecode.swift; path = AppDelegate.swift; sourceTree = "<group>"; };
		DB90944E231A6E2900A0AF40 /* Assets.xcassets */ = {isa = PBXFileReference; lastKnownFileType = folder.assetcatalog; path = Assets.xcassets; sourceTree = "<group>"; };
		DB909451231A6E2900A0AF40 /* Base */ = {isa = PBXFileReference; lastKnownFileType = file.xib; name = Base; path = Base.lproj/MainMenu.xib; sourceTree = "<group>"; };
		DB909453231A6E2900A0AF40 /* Info.plist */ = {isa = PBXFileReference; lastKnownFileType = text.plist.xml; path = Info.plist; sourceTree = "<group>"; };
		DB909454231A6E2900A0AF40 /* view_controller.entitlements */ = {isa = PBXFileReference; lastKnownFileType = text.plist.entitlements; path = view_controller.entitlements; sourceTree = "<group>"; };
		DB90945A231A6E5C00A0AF40 /* PreferenceController.swift */ = {isa = PBXFileReference; lastKnownFileType = sourcecode.swift; path = PreferenceController.swift; sourceTree = "<group>"; };
		DB90945B231A6E5C00A0AF40 /* PreferenceController.xib */ = {isa = PBXFileReference; lastKnownFileType = file.xib; path = PreferenceController.xib; sourceTree = "<group>"; };
		DB90945E231A6E6A00A0AF40 /* InfoController.swift */ = {isa = PBXFileReference; lastKnownFileType = sourcecode.swift; path = InfoController.swift; sourceTree = "<group>"; };
		DB90945F231A6E6A00A0AF40 /* InfoController.xib */ = {isa = PBXFileReference; lastKnownFileType = file.xib; path = InfoController.xib; sourceTree = "<group>"; };
/* End PBXFileReference section */

/* Begin PBXFrameworksBuildPhase section */
		DB909446231A6E2800A0AF40 /* Frameworks */ = {
			isa = PBXFrameworksBuildPhase;
			buildActionMask = 2147483647;
			files = (
			);
			runOnlyForDeploymentPostprocessing = 0;
		};
/* End PBXFrameworksBuildPhase section */

/* Begin PBXGroup section */
		DB909440231A6E2800A0AF40 = {
			isa = PBXGroup;
			children = (
				DB90944B231A6E2800A0AF40 /* view-controller */,
				DB90944A231A6E2800A0AF40 /* Products */,
			);
			sourceTree = "<group>";
		};
		DB90944A231A6E2800A0AF40 /* Products */ = {
			isa = PBXGroup;
			children = (
				DB909449231A6E2800A0AF40 /* view-controller.app */,
			);
			name = Products;
			sourceTree = "<group>";
		};
		DB90944B231A6E2800A0AF40 /* view-controller */ = {
			isa = PBXGroup;
			children = (
				DB90944C231A6E2800A0AF40 /* AppDelegate.swift */,
				DB90944E231A6E2900A0AF40 /* Assets.xcassets */,
				DB909450231A6E2900A0AF40 /* MainMenu.xib */,
				DB90945A231A6E5C00A0AF40 /* PreferenceController.swift */,
				DB90945B231A6E5C00A0AF40 /* PreferenceController.xib */,
				DB90945E231A6E6A00A0AF40 /* InfoController.swift */,
				DB90945F231A6E6A00A0AF40 /* InfoController.xib */,
				DB909453231A6E2900A0AF40 /* Info.plist */,
				DB909454231A6E2900A0AF40 /* view_controller.entitlements */,
			);
			path = "view-controller";
			sourceTree = "<group>";
		};
/* End PBXGroup section */

/* Begin PBXNativeTarget section */
		DB909448231A6E2800A0AF40 /* view-controller */ = {
			isa = PBXNativeTarget;
			buildConfigurationList = DB909457231A6E2900A0AF40 /* Build configuration list for PBXNativeTarget "view-controller" */;
			buildPhases = (
				DB909445231A6E2800A0AF40 /* Sources */,
				DB909446231A6E2800A0AF40 /* Frameworks */,
				DB909447231A6E2800A0AF40 /* Resources */,
			);
			buildRules = (
			);
			dependencies = (
			);
			name = "view-controller";
			productName = "view-controller";
			productReference = DB909449231A6E2800A0AF40 /* view-controller.app */;
			productType = "com.apple.product-type.application";
		};
/* End PBXNativeTarget section */

/* Begin PBXProject section */
		DB909441231A6E2800A0AF40 /* Project object */ = {
			isa = PBXProject;
			attributes = {
				LastSwiftUpdateCheck = 1030;
				LastUpgradeCheck = 1030;
				ORGANIZATIONNAME = branson;
				TargetAttributes = {
					DB909448231A6E2800A0AF40 = {
						CreatedOnToolsVersion = 10.3;
					};
				};
			};
			buildConfigurationList = DB909444231A6E2800A0AF40 /* Build configuration list for PBXProject "view-controller" */;
			compatibilityVersion = "Xcode 9.3";
			developmentRegion = en;
			hasScannedForEncodings = 0;
			knownRegions = (
				en,
				Base,
			);
			mainGroup = DB909440231A6E2800A0AF40;
			productRefGroup = DB90944A231A6E2800A0AF40 /* Products */;
			projectDirPath = "";
			projectRoot = "";
			targets = (
				DB909448231A6E2800A0AF40 /* view-controller */,
			);
		};
/* End PBXProject section */

/* Begin PBXResourcesBuildPhase section */
		DB909447231A6E2800A0AF40 /* Resources */ = {
			isa = PBXResourcesBuildPhase;
			buildActionMask = 2147483647;
			files = (
				DB909461231A6E6A00A0AF40 /* InfoController.xib in Resources */,
				DB90944F231A6E2900A0AF40 /* Assets.xcassets in Resources */,
				DB90945D231A6E5C00A0AF40 /* PreferenceController.xib in Resources */,
				DB909452231A6E2900A0AF40 /* MainMenu.xib in Resources */,
			);
			runOnlyForDeploymentPostprocessing = 0;
		};
/* End PBXResourcesBuildPhase section */

/* Begin PBXSourcesBuildPhase section */
		DB909445231A6E2800A0AF40 /* Sources */ = {
			isa = PBXSourcesBuildPhase;
			buildActionMask = 2147483647;
			files = (
				DB909460231A6E6A00A0AF40 /* InfoController.swift in Sources */,
				DB90944D231A6E2800A0AF40 /* AppDelegate.swift in Sources */,
				DB90945C231A6E5C00A0AF40 /* PreferenceController.swift in Sources */,
			);
			runOnlyForDeploymentPostprocessing = 0;
		};
/* End PBXSourcesBuildPhase section */

/* Begin PBXVariantGroup section */
		DB909450231A6E2900A0AF40 /* MainMenu.xib */ = {
			isa = PBXVariantGroup;
			children = (
				DB909451231A6E2900A0AF40 /* Base */,
			);
			name = MainMenu.xib;
			sourceTree = "<group>";
		};
/* End PBXVariantGroup section */

/* Begin XCBuildConfiguration section */
		DB909455231A6E2900A0AF40 /* Debug */ = {
			isa = XCBuildConfiguration;
			buildSettings = {
				ALWAYS_SEARCH_USER_PATHS = NO;
				CLANG_ANALYZER_NONNULL = YES;
				CLANG_ANALYZER_NUMBER_OBJECT_CONVERSION = YES_AGGRESSIVE;
				CLANG_CXX_LANGUAGE_STANDARD = "gnu++14";
				CLANG_CXX_LIBRARY = "libc++";
				CLANG_ENABLE_MODULES = YES;
				CLANG_ENABLE_OBJC_ARC = YES;
				CLANG_ENABLE_OBJC_WEAK = YES;
				CLANG_WARN_BLOCK_CAPTURE_AUTORELEASING = YES;
				CLANG_WARN_BOOL_CONVERSION = YES;
				CLANG_WARN_COMMA = YES;
				CLANG_WARN_CONSTANT_CONVERSION = YES;
				CLANG_WARN_DEPRECATED_OBJC_IMPLEMENTATIONS = YES;
				CLANG_WARN_DIRECT_OBJC_ISA_USAGE = YES_ERROR;
				CLANG_WARN_DOCUMENTATION_COMMENTS = YES;
				CLANG_WARN_EMPTY_BODY = YES;
				CLANG_WARN_ENUM_CONVERSION = YES;
				CLANG_WARN_INFINITE_RECURSION = YES;
				CLANG_WARN_INT_CONVERSION = YES;
				CLANG_WARN_NON_LITERAL_NULL_CONVERSION = YES;
				CLANG_WARN_OBJC_IMPLICIT_RETAIN_SELF = YES;
				CLANG_WARN_OBJC_LITERAL_CONVERSION = YES;
				CLANG_WARN_OBJC_ROOT_CLASS = YES_ERROR;
				CLANG_WARN_RANGE_LOOP_ANALYSIS = YES;
				CLANG_WARN_STRICT_PROTOTYPES = YES;
				CLANG_WARN_SUSPICIOUS_MOVE = YES;
				CLANG_WARN_UNGUARDED_AVAILABILITY = YES_AGGRESSIVE;
				CLANG_WARN_UNREACHABLE_CODE = YES;
				CLANG_WARN__DUPLICATE_METHOD_MATCH = YES;
				CODE_SIGN_IDENTITY = "-";
				COPY_PHASE_STRIP = NO;
				DEBUG_INFORMATION_FORMAT = dwarf;
				ENABLE_STRICT_OBJC_MSGSEND = YES;
				ENABLE_TESTABILITY = YES;
				GCC_C_LANGUAGE_STANDARD = gnu11;
				GCC_DYNAMIC_NO_PIC = NO;
				GCC_NO_COMMON_BLOCKS = YES;
				GCC_OPTIMIZATION_LEVEL = 0;
				GCC_PREPROCESSOR_DEFINITIONS = (
					"DEBUG=1",
					"$(inherited)",
				);
				GCC_WARN_64_TO_32_BIT_CONVERSION = YES;
				GCC_WARN_ABOUT_RETURN_TYPE = YES_ERROR;
				GCC_WARN_UNDECLARED_SELECTOR = YES;
				GCC_WARN_UNINITIALIZED_AUTOS = YES_AGGRESSIVE;
				GCC_WARN_UNUSED_FUNCTION = YES;
				GCC_WARN_UNUSED_VARIABLE = YES;
				MACOSX_DEPLOYMENT_TARGET = 10.14;
				MTL_ENABLE_DEBUG_INFO = INCLUDE_SOURCE;
				MTL_FAST_MATH = YES;
				ONLY_ACTIVE_ARCH = YES;
				SDKROOT = macosx;
				SWIFT_ACTIVE_COMPILATION_CONDITIONS = DEBUG;
				SWIFT_OPTIMIZATION_LEVEL = "-Onone";
			};
			name = Debug;
		};
		DB909456231A6E2900A0AF40 /* Release */ = {
			isa = XCBuildConfiguration;
			buildSettings = {
				ALWAYS_SEARCH_USER_PATHS = NO;
				CLANG_ANALYZER_NONNULL = YES;
				CLANG_ANALYZER_NUMBER_OBJECT_CONVERSION = YES_AGGRESSIVE;
				CLANG_CXX_LANGUAGE_STANDARD = "gnu++14";
				CLANG_CXX_LIBRARY = "libc++";
				CLANG_ENABLE_MODULES = YES;
				CLANG_ENABLE_OBJC_ARC = YES;
				CLANG_ENABLE_OBJC_WEAK = YES;
				CLANG_WARN_BLOCK_CAPTURE_AUTORELEASING = YES;
				CLANG_WARN_BOOL_CONVERSION = YES;
				CLANG_WARN_COMMA = YES;
				CLANG_WARN_CONSTANT_CONVERSION = YES;
				CLANG_WARN_DEPRECATED_OBJC_IMPLEMENTATIONS = YES;
				CLANG_WARN_DIRECT_OBJC_ISA_USAGE = YES_ERROR;
				CLANG_WARN_DOCUMENTATION_COMMENTS = YES;
				CLANG_WARN_EMPTY_BODY = YES;
				CLANG_WARN_ENUM_CONVERSION = YES;
				CLANG_WARN_INFINITE_RECURSION = YES;
				CLANG_WARN_INT_CONVERSION = YES;
				CLANG_WARN_NON_LITERAL_NULL_CONVERSION = YES;
				CLANG_WARN_OBJC_IMPLICIT_RETAIN_SELF = YES;
				CLANG_WARN_OBJC_LITERAL_CONVERSION = YES;
				CLANG_WARN_OBJC_ROOT_CLASS = YES_ERROR;
				CLANG_WARN_RANGE_LOOP_ANALYSIS = YES;
				CLANG_WARN_STRICT_PROTOTYPES = YES;
				CLANG_WARN_SUSPICIOUS_MOVE = YES;
				CLANG_WARN_UNGUARDED_AVAILABILITY = YES_AGGRESSIVE;
				CLANG_WARN_UNREACHABLE_CODE = YES;
				CLANG_WARN__DUPLICATE_METHOD_MATCH = YES;
				CODE_SIGN_IDENTITY = "-";
				COPY_PHASE_STRIP = NO;
				DEBUG_INFORMATION_FORMAT = "dwarf-with-dsym";
				ENABLE_NS_ASSERTIONS = NO;
				ENABLE_STRICT_OBJC_MSGSEND = YES;
				GCC_C_LANGUAGE_STANDARD = gnu11;
				GCC_NO_COMMON_BLOCKS = YES;
				GCC_WARN_64_TO_32_BIT_CONVERSION = YES;
				GCC_WARN_ABOUT_RETURN_TYPE = YES_ERROR;
				GCC_WARN_UNDECLARED_SELECTOR = YES;
				GCC_WARN_UNINITIALIZED_AUTOS = YES_AGGRESSIVE;
				GCC_WARN_UNUSED_FUNCTION = YES;
				GCC_WARN_UNUSED_VARIABLE = YES;
				MACOSX_DEPLOYMENT_TARGET = 10.14;
				MTL_ENABLE_DEBUG_INFO = NO;
				MTL_FAST_MATH = YES;
				SDKROOT = macosx;
				SWIFT_COMPILATION_MODE = wholemodule;
				SWIFT_OPTIMIZATION_LEVEL = "-O";
			};
			name = Release;
		};
		DB909458231A6E2900A0AF40 /* Debug */ = {
			isa = XCBuildConfiguration;
			buildSettings = {
				ASSETCATALOG_COMPILER_APPICON_NAME = AppIcon;
				CODE_SIGN_ENTITLEMENTS = "view-controller/view_controller.entitlements";
				CODE_SIGN_STYLE = Manual;
				COMBINE_HIDPI_IMAGES = YES;
				DEVELOPMENT_TEAM = "";
				INFOPLIST_FILE = "view-controller/Info.plist";
				LD_RUNPATH_SEARCH_PATHS = (
					"$(inherited)",
					"@executable_path/../Frameworks",
				);
				PRODUCT_BUNDLE_IDENTIFIER = "poor-branson.view-controller";
				PRODUCT_NAME = "$(TARGET_NAME)";
				PROVISIONING_PROFILE_SPECIFIER = "";
				SWIFT_VERSION = 5.0;
			};
			name = Debug;
		};
		DB909459231A6E2900A0AF40 /* Release */ = {
			isa = XCBuildConfiguration;
			buildSettings = {
				ASSETCATALOG_COMPILER_APPICON_NAME = AppIcon;
				CODE_SIGN_ENTITLEMENTS = "view-controller/view_controller.entitlements";
				CODE_SIGN_STYLE = Manual;
				COMBINE_HIDPI_IMAGES = YES;
				DEVELOPMENT_TEAM = "";
				INFOPLIST_FILE = "view-controller/Info.plist";
				LD_RUNPATH_SEARCH_PATHS = (
					"$(inherited)",
					"@executable_path/../Frameworks",
				);
				PRODUCT_BUNDLE_IDENTIFIER = "poor-branson.view-controller";
				PRODUCT_NAME = "$(TARGET_NAME)";
				PROVISIONING_PROFILE_SPECIFIER = "";
				SWIFT_VERSION = 5.0;
			};
			name = Release;
		};
/* End XCBuildConfiguration section */

/* Begin XCConfigurationList section */
		DB909444231A6E2800A0AF40 /* Build configuration list for PBXProject "view-controller" */ = {
			isa = XCConfigurationList;
			buildConfigurations = (
				DB909455231A6E2900A0AF40 /* Debug */,
				DB909456231A6E2900A0AF40 /* Release */,
			);
			defaultConfigurationIsVisible = 0;
			defaultConfigurationName = Release;
		};
		DB909457231A6E2900A0AF40 /* Build configuration list for PBXNativeTarget "view-controller" */ = {
			isa = XCConfigurationList;
			buildConfigurations = (
				DB909458231A6E2900A0AF40 /* Debug */,
				DB909459231A6E2900A0AF40 /* Release */,
			);
			defaultConfigurationIsVisible = 0;
			defaultConfigurationName = Release;
		};
/* End XCConfigurationList section */
	};
	rootObject = DB909441231A6E2800A0AF40 /* Project object */;
}
